// !$*UTF8*$!
{
	archiveVersion = 1;
	classes = {
	};
	objectVersion = 46;
	objects = {

/* Begin PBXBuildFile section */
		9FC9D7F9142A3BEC00BC31D0 /* UIKit.framework in Frameworks */ = {isa = PBXBuildFile; fileRef = 9FC9D7F8142A3BEC00BC31D0 /* UIKit.framework */; };
		9FC9D7FB142A3BEC00BC31D0 /* Foundation.framework in Frameworks */ = {isa = PBXBuildFile; fileRef = 9FC9D7FA142A3BEC00BC31D0 /* Foundation.framework */; };
		9FC9D7FD142A3BEC00BC31D0 /* CoreGraphics.framework in Frameworks */ = {isa = PBXBuildFile; fileRef = 9FC9D7FC142A3BEC00BC31D0 /* CoreGraphics.framework */; };
		9FC9D803142A3BEC00BC31D0 /* InfoPlist.strings in Resources */ = {isa = PBXBuildFile; fileRef = 9FC9D801142A3BEC00BC31D0 /* InfoPlist.strings */; };
		9FC9D805142A3BEC00BC31D0 /* main.m in Sources */ = {isa = PBXBuildFile; fileRef = 9FC9D804142A3BEC00BC31D0 /* main.m */; };
		9FC9D809142A3BEC00BC31D0 /* StorybookAppAppDelegate.m in Sources */ = {isa = PBXBuildFile; fileRef = 9FC9D808142A3BEC00BC31D0 /* StorybookAppAppDelegate.m */; };
		9FC9D80C142A3BEC00BC31D0 /* MainWindow.xib in Resources */ = {isa = PBXBuildFile; fileRef = 9FC9D80A142A3BEC00BC31D0 /* MainWindow.xib */; };
/* End PBXBuildFile section */

/* Begin PBXFileReference section */
		9FC9D7F4142A3BEC00BC31D0 /* StorybookApp.app */ = {isa = PBXFileReference; explicitFileType = wrapper.application; includeInIndex = 0; path = StorybookApp.app; sourceTree = BUILT_PRODUCTS_DIR; };
		9FC9D7F8142A3BEC00BC31D0 /* UIKit.framework */ = {isa = PBXFileReference; lastKnownFileType = wrapper.framework; name = UIKit.framework; path = System/Library/Frameworks/UIKit.framework; sourceTree = SDKROOT; };
		9FC9D7FA142A3BEC00BC31D0 /* Foundation.framework */ = {isa = PBXFileReference; lastKnownFileType = wrapper.framework; name = Foundation.framework; path = System/Library/Frameworks/Foundation.framework; sourceTree = SDKROOT; };
		9FC9D7FC142A3BEC00BC31D0 /* CoreGraphics.framework */ = {isa = PBXFileReference; lastKnownFileType = wrapper.framework; name = CoreGraphics.framework; path = System/Library/Frameworks/CoreGraphics.framework; sourceTree = SDKROOT; };
		9FC9D800142A3BEC00BC31D0 /* StorybookApp-Info.plist */ = {isa = PBXFileReference; path = "StorybookApp-Info.plist"; sourceTree = "<group>"; };
		9FC9D802142A3BEC00BC31D0 /* en */ = {isa = PBXFileReference; lastKnownFileType = text.plist.strings; name = en; path = en.lproj/InfoPlist.strings; sourceTree = "<group>"; };
		9FC9D804142A3BEC00BC31D0 /* main.m */ = {isa = PBXFileReference; lastKnownFileType = sourcecode.c.objc; path = main.m; sourceTree = "<group>"; };
		9FC9D806142A3BEC00BC31D0 /* StorybookApp-Prefix.pch */ = {isa = PBXFileReference; path = "StorybookApp-Prefix.pch"; sourceTree = "<group>"; };
		9FC9D807142A3BEC00BC31D0 /* StorybookAppAppDelegate.h */ = {isa = PBXFileReference; path = StorybookAppAppDelegate.h; sourceTree = "<group>"; };
		9FC9D808142A3BEC00BC31D0 /* StorybookAppAppDelegate.m */ = {isa = PBXFileReference; lastKnownFileType = sourcecode.c.objc; path = StorybookAppAppDelegate.m; sourceTree = "<group>"; };
		9FC9D80B142A3BEC00BC31D0 /* en */ = {isa = PBXFileReference; lastKnownFileType = file.xib; name = en; path = en.lproj/MainWindow.xib; sourceTree = "<group>"; };
/* End PBXFileReference section */

/* Begin PBXFrameworksBuildPhase section */
		9FC9D7F1142A3BEC00BC31D0 /* Frameworks */ = {
			isa = PBXFrameworksBuildPhase;
			buildActionMask = 2147483647;
			files = (
				9FC9D7F9142A3BEC00BC31D0 /* UIKit.framework in Frameworks */,
				9FC9D7FB142A3BEC00BC31D0 /* Foundation.framework in Frameworks */,
				9FC9D7FD142A3BEC00BC31D0 /* CoreGraphics.framework in Frameworks */,
			);
			runOnlyForDeploymentPostprocessing = 0;
		};
/* End PBXFrameworksBuildPhase section */

/* Begin PBXGroup section */
		9FC9D7E9142A3BEC00BC31D0 = {
			isa = PBXGroup;
			children = (
				9FC9D7FE142A3BEC00BC31D0 /* StorybookApp */,
				9FC9D7F7142A3BEC00BC31D0 /* Frameworks */,
				9FC9D7F5142A3BEC00BC31D0 /* Products */,
			);
			sourceTree = "<group>";
		};
		9FC9D7F5142A3BEC00BC31D0 /* Products */ = {
			isa = PBXGroup;
			children = (
				9FC9D7F4142A3BEC00BC31D0 /* StorybookApp.app */,
			);
			name = Products;
			sourceTree = "<group>";
		};
		9FC9D7F7142A3BEC00BC31D0 /* Frameworks */ = {
			isa = PBXGroup;
			children = (
				9FC9D7F8142A3BEC00BC31D0 /* UIKit.framework */,
				9FC9D7FA142A3BEC00BC31D0 /* Foundation.framework */,
				9FC9D7FC142A3BEC00BC31D0 /* CoreGraphics.framework */,
			);
			name = Frameworks;
			sourceTree = "<group>";
		};
		9FC9D7FE142A3BEC00BC31D0 /* StorybookApp */ = {
			isa = PBXGroup;
			children = (
				9FC9D807142A3BEC00BC31D0 /* StorybookAppAppDelegate.h */,
				9FC9D808142A3BEC00BC31D0 /* StorybookAppAppDelegate.m */,
				9FC9D80A142A3BEC00BC31D0 /* MainWindow.xib */,
				9FC9D7FF142A3BEC00BC31D0 /* Supporting Files */,
			);
			path = StorybookApp;
			sourceTree = "<group>";
		};
		9FC9D7FF142A3BEC00BC31D0 /* Supporting Files */ = {
			isa = PBXGroup;
			children = (
				9FC9D800142A3BEC00BC31D0 /* StorybookApp-Info.plist */,
				9FC9D801142A3BEC00BC31D0 /* InfoPlist.strings */,
				9FC9D804142A3BEC00BC31D0 /* main.m */,
				9FC9D806142A3BEC00BC31D0 /* StorybookApp-Prefix.pch */,
			);
			name = "Supporting Files";
			sourceTree = "<group>";
		};
/* End PBXGroup section */

/* Begin PBXNativeTarget section */
		9FC9D7F3142A3BEC00BC31D0 /* StorybookApp */ = {
			isa = PBXNativeTarget;
			buildConfigurationList = 9FC9D80F142A3BEC00BC31D0 /* Build configuration list for PBXNativeTarget "StorybookApp" */;
			buildPhases = (
				9FC9D7F0142A3BEC00BC31D0 /* Sources */,
				9FC9D7F1142A3BEC00BC31D0 /* Frameworks */,
				9FC9D7F2142A3BEC00BC31D0 /* Resources */,
			);
			buildRules = (
			);
			dependencies = (
			);
			name = StorybookApp;
			productName = StorybookApp;
			productReference = 9FC9D7F4142A3BEC00BC31D0 /* StorybookApp.app */;
			productType = "com.apple.product-type.application";
		};
/* End PBXNativeTarget section */

/* Begin PBXProject section */
		9FC9D7EB142A3BEC00BC31D0 /* Project object */ = {
			isa = PBXProject;
			buildConfigurationList = 9FC9D7EE142A3BEC00BC31D0 /* Build configuration list for PBXProject "StorybookApp" */;
			compatibilityVersion = "Xcode 3.2";
			developmentRegion = English;
			hasScannedForEncodings = 0;
			knownRegions = (
				en,
			);
			mainGroup = 9FC9D7E9142A3BEC00BC31D0;
			productRefGroup = 9FC9D7F5142A3BEC00BC31D0 /* Products */;
			projectDirPath = "";
			projectRoot = "";
			targets = (
				9FC9D7F3142A3BEC00BC31D0 /* StorybookApp */,
			);
		};
/* End PBXProject section */

/* Begin PBXResourcesBuildPhase section */
		9FC9D7F2142A3BEC00BC31D0 /* Resources */ = {
			isa = PBXResourcesBuildPhase;
			buildActionMask = 2147483647;
			files = (
				9FC9D803142A3BEC00BC31D0 /* InfoPlist.strings in Resources */,
				9FC9D80C142A3BEC00BC31D0 /* MainWindow.xib in Resources */,
			);
			runOnlyForDeploymentPostprocessing = 0;
		};
/* End PBXResourcesBuildPhase section */

/* Begin PBXSourcesBuildPhase section */
		9FC9D7F0142A3BEC00BC31D0 /* Sources */ = {
			isa = PBXSourcesBuildPhase;
			buildActionMask = 2147483647;
			files = (
				9FC9D805142A3BEC00BC31D0 /* main.m in Sources */,
				9FC9D809142A3BEC00BC31D0 /* StorybookAppAppDelegate.m in Sources */,
			);
			runOnlyForDeploymentPostprocessing = 0;
		};
/* End PBXSourcesBuildPhase section */

/* Begin PBXVariantGroup section */
		9FC9D801142A3BEC00BC31D0 /* InfoPlist.strings */ = {
			isa = PBXVariantGroup;
			children = (
				9FC9D802142A3BEC00BC31D0 /* en */,
			);
			name = InfoPlist.strings;
			sourceTree = "<group>";
		};
		9FC9D80A142A3BEC00BC31D0 /* MainWindow.xib */ = {
			isa = PBXVariantGroup;
			children = (
				9FC9D80B142A3BEC00BC31D0 /* en */,
			);
			name = MainWindow.xib;
			sourceTree = "<group>";
		};
/* End PBXVariantGroup section */

/* Begin XCBuildConfiguration section */
		9FC9D80D142A3BEC00BC31D0 /* Debug */ = {
			isa = XCBuildConfiguration;
			buildSettings = {
				ALWAYS_SEARCH_USER_PATHS = NO;
				ARCHS = "$(ARCHS_STANDARD_32_BIT)";
				"CODE_SIGN_IDENTITY[sdk=iphoneos*]" = "iPhone Developer";
				COPY_PHASE_STRIP = NO;
				GCC_C_LANGUAGE_STANDARD = gnu99;
				GCC_DYNAMIC_NO_PIC = NO;
				GCC_OPTIMIZATION_LEVEL = 0;
				GCC_PREPROCESSOR_DEFINITIONS = (
					"DEBUG=1",
					"$(inherited)",
				);
				GCC_SYMBOLS_PRIVATE_EXTERN = NO;
				GCC_VERSION = com.apple.compilers.llvmgcc42;
				GCC_WARN_ABOUT_MISSING_PROTOTYPES = YES;
				GCC_WARN_ABOUT_RETURN_TYPE = YES;
				GCC_WARN_UNUSED_VARIABLE = YES;
				IPHONEOS_DEPLOYMENT_TARGET = 4.3;
				SDKROOT = iphoneos;
			};
			name = Debug;
		};
		9FC9D80E142A3BEC00BC31D0 /* Release */ = {
			isa = XCBuildConfiguration;
			buildSettings = {
				ALWAYS_SEARCH_USER_PATHS = NO;
				ARCHS = "$(ARCHS_STANDARD_32_BIT)";
				"CODE_SIGN_IDENTITY[sdk=iphoneos*]" = "iPhone Developer";
				COPY_PHASE_STRIP = YES;
				GCC_C_LANGUAGE_STANDARD = gnu99;
				GCC_VERSION = com.apple.compilers.llvmgcc42;
				GCC_WARN_ABOUT_MISSING_PROTOTYPES = YES;
				GCC_WARN_ABOUT_RETURN_TYPE = YES;
				GCC_WARN_UNUSED_VARIABLE = YES;
				IPHONEOS_DEPLOYMENT_TARGET = 4.3;
				OTHER_CFLAGS = "-DNS_BLOCK_ASSERTIONS=1";
				SDKROOT = iphoneos;
				VALIDATE_PRODUCT = YES;
			};
			name = Release;
		};
		9FC9D810142A3BEC00BC31D0 /* Debug */ = {
			isa = XCBuildConfiguration;
			buildSettings = {
				GCC_PRECOMPILE_PREFIX_HEADER = YES;
				GCC_PREFIX_HEADER = "StorybookApp/StorybookApp-Prefix.pch";
				INFOPLIST_FILE = "StorybookApp/StorybookApp-Info.plist";
				PRODUCT_NAME = "$(TARGET_NAME)";
				WRAPPER_EXTENSION = app;
			};
			name = Debug;
		};
		9FC9D811142A3BEC00BC31D0 /* Release */ = {
			isa = XCBuildConfiguration;
			buildSettings = {
				GCC_PRECOMPILE_PREFIX_HEADER = YES;
				GCC_PREFIX_HEADER = "StorybookApp/StorybookApp-Prefix.pch";
				INFOPLIST_FILE = "StorybookApp/StorybookApp-Info.plist";
				PRODUCT_NAME = "$(TARGET_NAME)";
				WRAPPER_EXTENSION = app;
			};
			name = Release;
		};
/* End XCBuildConfiguration section */

/* Begin XCConfigurationList section */
		9FC9D7EE142A3BEC00BC31D0 /* Build configuration list for PBXProject "StorybookApp" */ = {
			isa = XCConfigurationList;
			buildConfigurations = (
				9FC9D80D142A3BEC00BC31D0 /* Debug */,
				9FC9D80E142A3BEC00BC31D0 /* Release */,
			);
			defaultConfigurationIsVisible = 0;
			defaultConfigurationName = Release;
		};
		9FC9D80F142A3BEC00BC31D0 /* Build configuration list for PBXNativeTarget "StorybookApp" */ = {
			isa = XCConfigurationList;
			buildConfigurations = (
				9FC9D810142A3BEC00BC31D0 /* Debug */,
				9FC9D811142A3BEC00BC31D0 /* Release */,
			);
			defaultConfigurationIsVisible = 0;
		};
/* End XCConfigurationList section */
	};
	rootObject = 9FC9D7EB142A3BEC00BC31D0 /* Project object */;
}
